{
  "name": "reasonml",
  "version": "0.1.0",
  "lockfileVersion": 1,
  "requires": true,
  "dependencies": {
    "bs-platform": {
      "version": "8.0.2",
      "resolved": "https://registry.npmjs.org/bs-platform/-/bs-platform-8.0.2.tgz",
      "integrity": "sha512-2vHnyxCd4m5QYG/hxUGsevOqEkpqL+chmjV7I3yz9NT2lEtF6RafpUj30myQqdpDcIIhLja3PCkNq+ZVNSsXQA==",
      "dev": true
    }
  }
}
